// !$*UTF8*$!
{
	archiveVersion = 1;
	classes = {
	};
	objectVersion = 46;
	objects = {

/* Begin PBXBuildFile section */
		AE26084E1E0BEE3500236A06 /* AppDelegate.swift in Sources */ = {isa = PBXBuildFile; fileRef = AE26084D1E0BEE3500236A06 /* AppDelegate.swift */; };
		AE2608501E0BEE3500236A06 /* ViewController.swift in Sources */ = {isa = PBXBuildFile; fileRef = AE26084F1E0BEE3500236A06 /* ViewController.swift */; };
		AE2608531E0BEE3500236A06 /* Main.storyboard in Resources */ = {isa = PBXBuildFile; fileRef = AE2608511E0BEE3500236A06 /* Main.storyboard */; };
		AE2608551E0BEE3500236A06 /* Assets.xcassets in Resources */ = {isa = PBXBuildFile; fileRef = AE2608541E0BEE3500236A06 /* Assets.xcassets */; };
		AE2608581E0BEE3500236A06 /* LaunchScreen.storyboard in Resources */ = {isa = PBXBuildFile; fileRef = AE2608561E0BEE3500236A06 /* LaunchScreen.storyboard */; };
		AE2608631E0BEE3500236A06 /* AssignmentCheckTests.swift in Sources */ = {isa = PBXBuildFile; fileRef = AE2608621E0BEE3500236A06 /* AssignmentCheckTests.swift */; };
		AE26086E1E0BEE3500236A06 /* AssignmentCheckUITests.swift in Sources */ = {isa = PBXBuildFile; fileRef = AE26086D1E0BEE3500236A06 /* AssignmentCheckUITests.swift */; };
		AE2608801E0BFC4800236A06 /* courseManager.swift in Sources */ = {isa = PBXBuildFile; fileRef = AE26087F1E0BFC4800236A06 /* courseManager.swift */; };
		AE2608821E0BFE8800236A06 /* courseEdit.swift in Sources */ = {isa = PBXBuildFile; fileRef = AE2608811E0BFE8800236A06 /* courseEdit.swift */; };
		AE2608841E0BFEAD00236A06 /* courseList.swift in Sources */ = {isa = PBXBuildFile; fileRef = AE2608831E0BFEAD00236A06 /* courseList.swift */; };
		AE26088C1E0C3C9700236A06 /* NotificationCenter.framework in Frameworks */ = {isa = PBXBuildFile; fileRef = AE26088B1E0C3C9700236A06 /* NotificationCenter.framework */; };
		AE26088F1E0C3C9700236A06 /* TodayViewController.swift in Sources */ = {isa = PBXBuildFile; fileRef = AE26088E1E0C3C9700236A06 /* TodayViewController.swift */; };
		AE2608921E0C3C9700236A06 /* MainInterface.storyboard in Resources */ = {isa = PBXBuildFile; fileRef = AE2608901E0C3C9700236A06 /* MainInterface.storyboard */; };
		AE2608961E0C3C9700236A06 /* TodayWidget.appex in Embed App Extensions */ = {isa = PBXBuildFile; fileRef = AE2608891E0C3C9700236A06 /* TodayWidget.appex */; settings = {ATTRIBUTES = (RemoveHeadersOnCopy, ); }; };
		AE26089D1E0C3ECF00236A06 /* courseManager.swift in Sources */ = {isa = PBXBuildFile; fileRef = AE26087F1E0BFC4800236A06 /* courseManager.swift */; };
/* End PBXBuildFile section */

/* Begin PBXContainerItemProxy section */
		AE26085F1E0BEE3500236A06 /* PBXContainerItemProxy */ = {
			isa = PBXContainerItemProxy;
			containerPortal = AE2608421E0BEE3400236A06 /* Project object */;
			proxyType = 1;
			remoteGlobalIDString = AE2608491E0BEE3500236A06;
			remoteInfo = AssignmentCheck;
		};
		AE26086A1E0BEE3500236A06 /* PBXContainerItemProxy */ = {
			isa = PBXContainerItemProxy;
			containerPortal = AE2608421E0BEE3400236A06 /* Project object */;
			proxyType = 1;
			remoteGlobalIDString = AE2608491E0BEE3500236A06;
			remoteInfo = AssignmentCheck;
		};
		AE2608941E0C3C9700236A06 /* PBXContainerItemProxy */ = {
			isa = PBXContainerItemProxy;
			containerPortal = AE2608421E0BEE3400236A06 /* Project object */;
			proxyType = 1;
			remoteGlobalIDString = AE2608881E0C3C9700236A06;
			remoteInfo = TodayWidget;
		};
/* End PBXContainerItemProxy section */

/* Begin PBXCopyFilesBuildPhase section */
		AE26089A1E0C3C9700236A06 /* Embed App Extensions */ = {
			isa = PBXCopyFilesBuildPhase;
			buildActionMask = 2147483647;
			dstPath = "";
			dstSubfolderSpec = 13;
			files = (
				AE2608961E0C3C9700236A06 /* TodayWidget.appex in Embed App Extensions */,
			);
			name = "Embed App Extensions";
			runOnlyForDeploymentPostprocessing = 0;
		};
/* End PBXCopyFilesBuildPhase section */

/* Begin PBXFileReference section */
		AE26084A1E0BEE3500236A06 /* AssignmentCheck.app */ = {isa = PBXFileReference; explicitFileType = wrapper.application; includeInIndex = 0; path = AssignmentCheck.app; sourceTree = BUILT_PRODUCTS_DIR; };
		AE26084D1E0BEE3500236A06 /* AppDelegate.swift */ = {isa = PBXFileReference; lastKnownFileType = sourcecode.swift; path = AppDelegate.swift; sourceTree = "<group>"; };
		AE26084F1E0BEE3500236A06 /* ViewController.swift */ = {isa = PBXFileReference; lastKnownFileType = sourcecode.swift; path = ViewController.swift; sourceTree = "<group>"; };
		AE2608521E0BEE3500236A06 /* Base */ = {isa = PBXFileReference; lastKnownFileType = file.storyboard; name = Base; path = Base.lproj/Main.storyboard; sourceTree = "<group>"; };
		AE2608541E0BEE3500236A06 /* Assets.xcassets */ = {isa = PBXFileReference; lastKnownFileType = folder.assetcatalog; path = Assets.xcassets; sourceTree = "<group>"; };
		AE2608571E0BEE3500236A06 /* Base */ = {isa = PBXFileReference; lastKnownFileType = file.storyboard; name = Base; path = Base.lproj/LaunchScreen.storyboard; sourceTree = "<group>"; };
		AE2608591E0BEE3500236A06 /* Info.plist */ = {isa = PBXFileReference; lastKnownFileType = text.plist.xml; path = Info.plist; sourceTree = "<group>"; };
		AE26085E1E0BEE3500236A06 /* AssignmentCheckTests.xctest */ = {isa = PBXFileReference; explicitFileType = wrapper.cfbundle; includeInIndex = 0; path = AssignmentCheckTests.xctest; sourceTree = BUILT_PRODUCTS_DIR; };
		AE2608621E0BEE3500236A06 /* AssignmentCheckTests.swift */ = {isa = PBXFileReference; lastKnownFileType = sourcecode.swift; path = AssignmentCheckTests.swift; sourceTree = "<group>"; };
		AE2608641E0BEE3500236A06 /* Info.plist */ = {isa = PBXFileReference; lastKnownFileType = text.plist.xml; path = Info.plist; sourceTree = "<group>"; };
		AE2608691E0BEE3500236A06 /* AssignmentCheckUITests.xctest */ = {isa = PBXFileReference; explicitFileType = wrapper.cfbundle; includeInIndex = 0; path = AssignmentCheckUITests.xctest; sourceTree = BUILT_PRODUCTS_DIR; };
		AE26086D1E0BEE3500236A06 /* AssignmentCheckUITests.swift */ = {isa = PBXFileReference; lastKnownFileType = sourcecode.swift; path = AssignmentCheckUITests.swift; sourceTree = "<group>"; };
		AE26086F1E0BEE3500236A06 /* Info.plist */ = {isa = PBXFileReference; lastKnownFileType = text.plist.xml; path = Info.plist; sourceTree = "<group>"; };
		AE26087F1E0BFC4800236A06 /* courseManager.swift */ = {isa = PBXFileReference; fileEncoding = 4; lastKnownFileType = sourcecode.swift; path = courseManager.swift; sourceTree = "<group>"; };
		AE2608811E0BFE8800236A06 /* courseEdit.swift */ = {isa = PBXFileReference; fileEncoding = 4; lastKnownFileType = sourcecode.swift; path = courseEdit.swift; sourceTree = "<group>"; };
		AE2608831E0BFEAD00236A06 /* courseList.swift */ = {isa = PBXFileReference; fileEncoding = 4; lastKnownFileType = sourcecode.swift; path = courseList.swift; sourceTree = "<group>"; };
		AE2608891E0C3C9700236A06 /* TodayWidget.appex */ = {isa = PBXFileReference; explicitFileType = "wrapper.app-extension"; includeInIndex = 0; path = TodayWidget.appex; sourceTree = BUILT_PRODUCTS_DIR; };
		AE26088B1E0C3C9700236A06 /* NotificationCenter.framework */ = {isa = PBXFileReference; lastKnownFileType = wrapper.framework; name = NotificationCenter.framework; path = System/Library/Frameworks/NotificationCenter.framework; sourceTree = SDKROOT; };
		AE26088E1E0C3C9700236A06 /* TodayViewController.swift */ = {isa = PBXFileReference; lastKnownFileType = sourcecode.swift; path = TodayViewController.swift; sourceTree = "<group>"; };
		AE2608911E0C3C9700236A06 /* Base */ = {isa = PBXFileReference; lastKnownFileType = file.storyboard; name = Base; path = Base.lproj/MainInterface.storyboard; sourceTree = "<group>"; };
		AE2608931E0C3C9700236A06 /* Info.plist */ = {isa = PBXFileReference; lastKnownFileType = text.plist.xml; path = Info.plist; sourceTree = "<group>"; };
		AE26089B1E0C3D9C00236A06 /* AssignmentCheck.entitlements */ = {isa = PBXFileReference; lastKnownFileType = text.plist.entitlements; path = AssignmentCheck.entitlements; sourceTree = "<group>"; };
		AE26089C1E0C3DB700236A06 /* TodayWidget.entitlements */ = {isa = PBXFileReference; lastKnownFileType = text.plist.entitlements; path = TodayWidget.entitlements; sourceTree = "<group>"; };
/* End PBXFileReference section */

/* Begin PBXFrameworksBuildPhase section */
		AE2608471E0BEE3500236A06 /* Frameworks */ = {
			isa = PBXFrameworksBuildPhase;
			buildActionMask = 2147483647;
			files = (
			);
			runOnlyForDeploymentPostprocessing = 0;
		};
		AE26085B1E0BEE3500236A06 /* Frameworks */ = {
			isa = PBXFrameworksBuildPhase;
			buildActionMask = 2147483647;
			files = (
			);
			runOnlyForDeploymentPostprocessing = 0;
		};
		AE2608661E0BEE3500236A06 /* Frameworks */ = {
			isa = PBXFrameworksBuildPhase;
			buildActionMask = 2147483647;
			files = (
			);
			runOnlyForDeploymentPostprocessing = 0;
		};
		AE2608861E0C3C9700236A06 /* Frameworks */ = {
			isa = PBXFrameworksBuildPhase;
			buildActionMask = 2147483647;
			files = (
				AE26088C1E0C3C9700236A06 /* NotificationCenter.framework in Frameworks */,
			);
			runOnlyForDeploymentPostprocessing = 0;
		};
/* End PBXFrameworksBuildPhase section */

/* Begin PBXGroup section */
		AE2608411E0BEE3400236A06 = {
			isa = PBXGroup;
			children = (
				AE26084C1E0BEE3500236A06 /* AssignmentCheck */,
				AE2608611E0BEE3500236A06 /* AssignmentCheckTests */,
				AE26086C1E0BEE3500236A06 /* AssignmentCheckUITests */,
				AE26088D1E0C3C9700236A06 /* TodayWidget */,
				AE26088A1E0C3C9700236A06 /* Frameworks */,
				AE26084B1E0BEE3500236A06 /* Products */,
			);
			sourceTree = "<group>";
		};
		AE26084B1E0BEE3500236A06 /* Products */ = {
			isa = PBXGroup;
			children = (
				AE26084A1E0BEE3500236A06 /* AssignmentCheck.app */,
				AE26085E1E0BEE3500236A06 /* AssignmentCheckTests.xctest */,
				AE2608691E0BEE3500236A06 /* AssignmentCheckUITests.xctest */,
				AE2608891E0C3C9700236A06 /* TodayWidget.appex */,
			);
			name = Products;
			sourceTree = "<group>";
		};
		AE26084C1E0BEE3500236A06 /* AssignmentCheck */ = {
			isa = PBXGroup;
			children = (
				AE26089B1E0C3D9C00236A06 /* AssignmentCheck.entitlements */,
				AE2608811E0BFE8800236A06 /* courseEdit.swift */,
				AE26084D1E0BEE3500236A06 /* AppDelegate.swift */,
				AE26084F1E0BEE3500236A06 /* ViewController.swift */,
				AE2608511E0BEE3500236A06 /* Main.storyboard */,
				AE2608541E0BEE3500236A06 /* Assets.xcassets */,
				AE2608561E0BEE3500236A06 /* LaunchScreen.storyboard */,
				AE2608591E0BEE3500236A06 /* Info.plist */,
				AE26087F1E0BFC4800236A06 /* courseManager.swift */,
				AE2608831E0BFEAD00236A06 /* courseList.swift */,
			);
			path = AssignmentCheck;
			sourceTree = "<group>";
		};
		AE2608611E0BEE3500236A06 /* AssignmentCheckTests */ = {
			isa = PBXGroup;
			children = (
				AE2608621E0BEE3500236A06 /* AssignmentCheckTests.swift */,
				AE2608641E0BEE3500236A06 /* Info.plist */,
			);
			path = AssignmentCheckTests;
			sourceTree = "<group>";
		};
		AE26086C1E0BEE3500236A06 /* AssignmentCheckUITests */ = {
			isa = PBXGroup;
			children = (
				AE26086D1E0BEE3500236A06 /* AssignmentCheckUITests.swift */,
				AE26086F1E0BEE3500236A06 /* Info.plist */,
			);
			path = AssignmentCheckUITests;
			sourceTree = "<group>";
		};
		AE26088A1E0C3C9700236A06 /* Frameworks */ = {
			isa = PBXGroup;
			children = (
				AE26088B1E0C3C9700236A06 /* NotificationCenter.framework */,
			);
			name = Frameworks;
			sourceTree = "<group>";
		};
		AE26088D1E0C3C9700236A06 /* TodayWidget */ = {
			isa = PBXGroup;
			children = (
				AE26089C1E0C3DB700236A06 /* TodayWidget.entitlements */,
				AE26088E1E0C3C9700236A06 /* TodayViewController.swift */,
				AE2608901E0C3C9700236A06 /* MainInterface.storyboard */,
				AE2608931E0C3C9700236A06 /* Info.plist */,
			);
			path = TodayWidget;
			sourceTree = "<group>";
		};
/* End PBXGroup section */

/* Begin PBXNativeTarget section */
		AE2608491E0BEE3500236A06 /* AssignmentCheck */ = {
			isa = PBXNativeTarget;
			buildConfigurationList = AE2608721E0BEE3500236A06 /* Build configuration list for PBXNativeTarget "AssignmentCheck" */;
			buildPhases = (
				AE2608461E0BEE3500236A06 /* Sources */,
				AE2608471E0BEE3500236A06 /* Frameworks */,
				AE2608481E0BEE3500236A06 /* Resources */,
				AE26089A1E0C3C9700236A06 /* Embed App Extensions */,
			);
			buildRules = (
			);
			dependencies = (
				AE2608951E0C3C9700236A06 /* PBXTargetDependency */,
			);
			name = AssignmentCheck;
			productName = AssignmentCheck;
			productReference = AE26084A1E0BEE3500236A06 /* AssignmentCheck.app */;
			productType = "com.apple.product-type.application";
		};
		AE26085D1E0BEE3500236A06 /* AssignmentCheckTests */ = {
			isa = PBXNativeTarget;
			buildConfigurationList = AE2608751E0BEE3500236A06 /* Build configuration list for PBXNativeTarget "AssignmentCheckTests" */;
			buildPhases = (
				AE26085A1E0BEE3500236A06 /* Sources */,
				AE26085B1E0BEE3500236A06 /* Frameworks */,
				AE26085C1E0BEE3500236A06 /* Resources */,
			);
			buildRules = (
			);
			dependencies = (
				AE2608601E0BEE3500236A06 /* PBXTargetDependency */,
			);
			name = AssignmentCheckTests;
			productName = AssignmentCheckTests;
			productReference = AE26085E1E0BEE3500236A06 /* AssignmentCheckTests.xctest */;
			productType = "com.apple.product-type.bundle.unit-test";
		};
		AE2608681E0BEE3500236A06 /* AssignmentCheckUITests */ = {
			isa = PBXNativeTarget;
			buildConfigurationList = AE2608781E0BEE3500236A06 /* Build configuration list for PBXNativeTarget "AssignmentCheckUITests" */;
			buildPhases = (
				AE2608651E0BEE3500236A06 /* Sources */,
				AE2608661E0BEE3500236A06 /* Frameworks */,
				AE2608671E0BEE3500236A06 /* Resources */,
			);
			buildRules = (
			);
			dependencies = (
				AE26086B1E0BEE3500236A06 /* PBXTargetDependency */,
			);
			name = AssignmentCheckUITests;
			productName = AssignmentCheckUITests;
			productReference = AE2608691E0BEE3500236A06 /* AssignmentCheckUITests.xctest */;
			productType = "com.apple.product-type.bundle.ui-testing";
		};
		AE2608881E0C3C9700236A06 /* TodayWidget */ = {
			isa = PBXNativeTarget;
			buildConfigurationList = AE2608991E0C3C9700236A06 /* Build configuration list for PBXNativeTarget "TodayWidget" */;
			buildPhases = (
				AE2608851E0C3C9700236A06 /* Sources */,
				AE2608861E0C3C9700236A06 /* Frameworks */,
				AE2608871E0C3C9700236A06 /* Resources */,
			);
			buildRules = (
			);
			dependencies = (
			);
			name = TodayWidget;
			productName = TodayWidget;
			productReference = AE2608891E0C3C9700236A06 /* TodayWidget.appex */;
			productType = "com.apple.product-type.app-extension";
		};
/* End PBXNativeTarget section */

/* Begin PBXProject section */
		AE2608421E0BEE3400236A06 /* Project object */ = {
			isa = PBXProject;
			attributes = {
				LastSwiftUpdateCheck = 0820;
				LastUpgradeCheck = 0820;
				ORGANIZATIONNAME = kingcyk;
				TargetAttributes = {
					AE2608491E0BEE3500236A06 = {
						CreatedOnToolsVersion = 8.2.1;
						DevelopmentTeam = 982HK3878L;
						ProvisioningStyle = Automatic;
						SystemCapabilities = {
							com.apple.ApplicationGroups.iOS = {
								enabled = 1;
							};
						};
					};
					AE26085D1E0BEE3500236A06 = {
						CreatedOnToolsVersion = 8.2.1;
						DevelopmentTeam = 982HK3878L;
						ProvisioningStyle = Automatic;
						TestTargetID = AE2608491E0BEE3500236A06;
					};
					AE2608681E0BEE3500236A06 = {
						CreatedOnToolsVersion = 8.2.1;
						DevelopmentTeam = 982HK3878L;
						ProvisioningStyle = Automatic;
						TestTargetID = AE2608491E0BEE3500236A06;
					};
					AE2608881E0C3C9700236A06 = {
						CreatedOnToolsVersion = 8.2.1;
						DevelopmentTeam = 982HK3878L;
						ProvisioningStyle = Automatic;
						SystemCapabilities = {
							com.apple.ApplicationGroups.iOS = {
								enabled = 1;
							};
						};
					};
				};
			};
			buildConfigurationList = AE2608451E0BEE3400236A06 /* Build configuration list for PBXProject "AssignmentCheck" */;
			compatibilityVersion = "Xcode 3.2";
			developmentRegion = English;
			hasScannedForEncodings = 0;
			knownRegions = (
				en,
				Base,
			);
			mainGroup = AE2608411E0BEE3400236A06;
			productRefGroup = AE26084B1E0BEE3500236A06 /* Products */;
			projectDirPath = "";
			projectRoot = "";
			targets = (
				AE2608491E0BEE3500236A06 /* AssignmentCheck */,
				AE26085D1E0BEE3500236A06 /* AssignmentCheckTests */,
				AE2608681E0BEE3500236A06 /* AssignmentCheckUITests */,
				AE2608881E0C3C9700236A06 /* TodayWidget */,
			);
		};
/* End PBXProject section */

/* Begin PBXResourcesBuildPhase section */
		AE2608481E0BEE3500236A06 /* Resources */ = {
			isa = PBXResourcesBuildPhase;
			buildActionMask = 2147483647;
			files = (
				AE2608581E0BEE3500236A06 /* LaunchScreen.storyboard in Resources */,
				AE2608551E0BEE3500236A06 /* Assets.xcassets in Resources */,
				AE2608531E0BEE3500236A06 /* Main.storyboard in Resources */,
			);
			runOnlyForDeploymentPostprocessing = 0;
		};
		AE26085C1E0BEE3500236A06 /* Resources */ = {
			isa = PBXResourcesBuildPhase;
			buildActionMask = 2147483647;
			files = (
			);
			runOnlyForDeploymentPostprocessing = 0;
		};
		AE2608671E0BEE3500236A06 /* Resources */ = {
			isa = PBXResourcesBuildPhase;
			buildActionMask = 2147483647;
			files = (
			);
			runOnlyForDeploymentPostprocessing = 0;
		};
		AE2608871E0C3C9700236A06 /* Resources */ = {
			isa = PBXResourcesBuildPhase;
			buildActionMask = 2147483647;
			files = (
				AE2608921E0C3C9700236A06 /* MainInterface.storyboard in Resources */,
			);
			runOnlyForDeploymentPostprocessing = 0;
		};
/* End PBXResourcesBuildPhase section */

/* Begin PBXSourcesBuildPhase section */
		AE2608461E0BEE3500236A06 /* Sources */ = {
			isa = PBXSourcesBuildPhase;
			buildActionMask = 2147483647;
			files = (
				AE2608801E0BFC4800236A06 /* courseManager.swift in Sources */,
				AE2608841E0BFEAD00236A06 /* courseList.swift in Sources */,
				AE2608501E0BEE3500236A06 /* ViewController.swift in Sources */,
				AE2608821E0BFE8800236A06 /* courseEdit.swift in Sources */,
				AE26084E1E0BEE3500236A06 /* AppDelegate.swift in Sources */,
			);
			runOnlyForDeploymentPostprocessing = 0;
		};
		AE26085A1E0BEE3500236A06 /* Sources */ = {
			isa = PBXSourcesBuildPhase;
			buildActionMask = 2147483647;
			files = (
				AE2608631E0BEE3500236A06 /* AssignmentCheckTests.swift in Sources */,
			);
			runOnlyForDeploymentPostprocessing = 0;
		};
		AE2608651E0BEE3500236A06 /* Sources */ = {
			isa = PBXSourcesBuildPhase;
			buildActionMask = 2147483647;
			files = (
				AE26086E1E0BEE3500236A06 /* AssignmentCheckUITests.swift in Sources */,
			);
			runOnlyForDeploymentPostprocessing = 0;
		};
		AE2608851E0C3C9700236A06 /* Sources */ = {
			isa = PBXSourcesBuildPhase;
			buildActionMask = 2147483647;
			files = (
				AE26089D1E0C3ECF00236A06 /* courseManager.swift in Sources */,
				AE26088F1E0C3C9700236A06 /* TodayViewController.swift in Sources */,
			);
			runOnlyForDeploymentPostprocessing = 0;
		};
/* End PBXSourcesBuildPhase section */

/* Begin PBXTargetDependency section */
		AE2608601E0BEE3500236A06 /* PBXTargetDependency */ = {
			isa = PBXTargetDependency;
			target = AE2608491E0BEE3500236A06 /* AssignmentCheck */;
			targetProxy = AE26085F1E0BEE3500236A06 /* PBXContainerItemProxy */;
		};
		AE26086B1E0BEE3500236A06 /* PBXTargetDependency */ = {
			isa = PBXTargetDependency;
			target = AE2608491E0BEE3500236A06 /* AssignmentCheck */;
			targetProxy = AE26086A1E0BEE3500236A06 /* PBXContainerItemProxy */;
		};
		AE2608951E0C3C9700236A06 /* PBXTargetDependency */ = {
			isa = PBXTargetDependency;
			target = AE2608881E0C3C9700236A06 /* TodayWidget */;
			targetProxy = AE2608941E0C3C9700236A06 /* PBXContainerItemProxy */;
		};
/* End PBXTargetDependency section */

/* Begin PBXVariantGroup section */
		AE2608511E0BEE3500236A06 /* Main.storyboard */ = {
			isa = PBXVariantGroup;
			children = (
				AE2608521E0BEE3500236A06 /* Base */,
			);
			name = Main.storyboard;
			sourceTree = "<group>";
		};
		AE2608561E0BEE3500236A06 /* LaunchScreen.storyboard */ = {
			isa = PBXVariantGroup;
			children = (
				AE2608571E0BEE3500236A06 /* Base */,
			);
			name = LaunchScreen.storyboard;
			sourceTree = "<group>";
		};
		AE2608901E0C3C9700236A06 /* MainInterface.storyboard */ = {
			isa = PBXVariantGroup;
			children = (
				AE2608911E0C3C9700236A06 /* Base */,
			);
			name = MainInterface.storyboard;
			sourceTree = "<group>";
		};
/* End PBXVariantGroup section */

/* Begin XCBuildConfiguration section */
		AE2608701E0BEE3500236A06 /* Debug */ = {
			isa = XCBuildConfiguration;
			buildSettings = {
				ALWAYS_SEARCH_USER_PATHS = NO;
				CLANG_ANALYZER_NONNULL = YES;
				CLANG_CXX_LANGUAGE_STANDARD = "gnu++0x";
				CLANG_CXX_LIBRARY = "libc++";
				CLANG_ENABLE_MODULES = YES;
				CLANG_ENABLE_OBJC_ARC = YES;
				CLANG_WARN_BOOL_CONVERSION = YES;
				CLANG_WARN_CONSTANT_CONVERSION = YES;
				CLANG_WARN_DIRECT_OBJC_ISA_USAGE = YES_ERROR;
				CLANG_WARN_DOCUMENTATION_COMMENTS = YES;
				CLANG_WARN_EMPTY_BODY = YES;
				CLANG_WARN_ENUM_CONVERSION = YES;
				CLANG_WARN_INFINITE_RECURSION = YES;
				CLANG_WARN_INT_CONVERSION = YES;
				CLANG_WARN_OBJC_ROOT_CLASS = YES_ERROR;
				CLANG_WARN_SUSPICIOUS_MOVE = YES;
				CLANG_WARN_UNREACHABLE_CODE = YES;
				CLANG_WARN__DUPLICATE_METHOD_MATCH = YES;
				"CODE_SIGN_IDENTITY[sdk=iphoneos*]" = "iPhone Developer";
				COPY_PHASE_STRIP = NO;
				DEBUG_INFORMATION_FORMAT = dwarf;
				ENABLE_STRICT_OBJC_MSGSEND = YES;
				ENABLE_TESTABILITY = YES;
				GCC_C_LANGUAGE_STANDARD = gnu99;
				GCC_DYNAMIC_NO_PIC = NO;
				GCC_NO_COMMON_BLOCKS = YES;
				GCC_OPTIMIZATION_LEVEL = 0;
				GCC_PREPROCESSOR_DEFINITIONS = (
					"DEBUG=1",
					"$(inherited)",
				);
				GCC_WARN_64_TO_32_BIT_CONVERSION = YES;
				GCC_WARN_ABOUT_RETURN_TYPE = YES_ERROR;
				GCC_WARN_UNDECLARED_SELECTOR = YES;
				GCC_WARN_UNINITIALIZED_AUTOS = YES_AGGRESSIVE;
				GCC_WARN_UNUSED_FUNCTION = YES;
				GCC_WARN_UNUSED_VARIABLE = YES;
				IPHONEOS_DEPLOYMENT_TARGET = 10.2;
				MTL_ENABLE_DEBUG_INFO = YES;
				ONLY_ACTIVE_ARCH = YES;
				SDKROOT = iphoneos;
				SWIFT_ACTIVE_COMPILATION_CONDITIONS = DEBUG;
				SWIFT_OPTIMIZATION_LEVEL = "-Onone";
				TARGETED_DEVICE_FAMILY = "1,2";
			};
			name = Debug;
		};
		AE2608711E0BEE3500236A06 /* Release */ = {
			isa = XCBuildConfiguration;
			buildSettings = {
				ALWAYS_SEARCH_USER_PATHS = NO;
				CLANG_ANALYZER_NONNULL = YES;
				CLANG_CXX_LANGUAGE_STANDARD = "gnu++0x";
				CLANG_CXX_LIBRARY = "libc++";
				CLANG_ENABLE_MODULES = YES;
				CLANG_ENABLE_OBJC_ARC = YES;
				CLANG_WARN_BOOL_CONVERSION = YES;
				CLANG_WARN_CONSTANT_CONVERSION = YES;
				CLANG_WARN_DIRECT_OBJC_ISA_USAGE = YES_ERROR;
				CLANG_WARN_DOCUMENTATION_COMMENTS = YES;
				CLANG_WARN_EMPTY_BODY = YES;
				CLANG_WARN_ENUM_CONVERSION = YES;
				CLANG_WARN_INFINITE_RECURSION = YES;
				CLANG_WARN_INT_CONVERSION = YES;
				CLANG_WARN_OBJC_ROOT_CLASS = YES_ERROR;
				CLANG_WARN_SUSPICIOUS_MOVE = YES;
				CLANG_WARN_UNREACHABLE_CODE = YES;
				CLANG_WARN__DUPLICATE_METHOD_MATCH = YES;
				"CODE_SIGN_IDENTITY[sdk=iphoneos*]" = "iPhone Developer";
				COPY_PHASE_STRIP = NO;
				DEBUG_INFORMATION_FORMAT = "dwarf-with-dsym";
				ENABLE_NS_ASSERTIONS = NO;
				ENABLE_STRICT_OBJC_MSGSEND = YES;
				GCC_C_LANGUAGE_STANDARD = gnu99;
				GCC_NO_COMMON_BLOCKS = YES;
				GCC_WARN_64_TO_32_BIT_CONVERSION = YES;
				GCC_WARN_ABOUT_RETURN_TYPE = YES_ERROR;
				GCC_WARN_UNDECLARED_SELECTOR = YES;
				GCC_WARN_UNINITIALIZED_AUTOS = YES_AGGRESSIVE;
				GCC_WARN_UNUSED_FUNCTION = YES;
				GCC_WARN_UNUSED_VARIABLE = YES;
				IPHONEOS_DEPLOYMENT_TARGET = 10.2;
				MTL_ENABLE_DEBUG_INFO = NO;
				SDKROOT = iphoneos;
				SWIFT_OPTIMIZATION_LEVEL = "-Owholemodule";
				TARGETED_DEVICE_FAMILY = "1,2";
				VALIDATE_PRODUCT = YES;
			};
			name = Release;
		};
		AE2608731E0BEE3500236A06 /* Debug */ = {
			isa = XCBuildConfiguration;
			buildSettings = {
				ALWAYS_EMBED_SWIFT_STANDARD_LIBRARIES = YES;
				ASSETCATALOG_COMPILER_APPICON_NAME = AppIcon;
				CODE_SIGN_ENTITLEMENTS = AssignmentCheck/AssignmentCheck.entitlements;
				DEVELOPMENT_TEAM = 982HK3878L;
				INFOPLIST_FILE = AssignmentCheck/Info.plist;
				IPHONEOS_DEPLOYMENT_TARGET = 9.0;
				LD_RUNPATH_SEARCH_PATHS = "$(inherited) @executable_path/Frameworks";
				PRODUCT_BUNDLE_IDENTIFIER = com.kingcyk.AssignmentCheck;
				PRODUCT_NAME = "$(TARGET_NAME)";
				SWIFT_VERSION = 3.0;
			};
			name = Debug;
		};
		AE2608741E0BEE3500236A06 /* Release */ = {
			isa = XCBuildConfiguration;
			buildSettings = {
				ALWAYS_EMBED_SWIFT_STANDARD_LIBRARIES = YES;
				ASSETCATALOG_COMPILER_APPICON_NAME = AppIcon;
				CODE_SIGN_ENTITLEMENTS = AssignmentCheck/AssignmentCheck.entitlements;
				DEVELOPMENT_TEAM = 982HK3878L;
				INFOPLIST_FILE = AssignmentCheck/Info.plist;
				IPHONEOS_DEPLOYMENT_TARGET = 9.0;
				LD_RUNPATH_SEARCH_PATHS = "$(inherited) @executable_path/Frameworks";
				PRODUCT_BUNDLE_IDENTIFIER = com.kingcyk.AssignmentCheck;
				PRODUCT_NAME = "$(TARGET_NAME)";
				SWIFT_VERSION = 3.0;
			};
			name = Release;
		};
		AE2608761E0BEE3500236A06 /* Debug */ = {
			isa = XCBuildConfiguration;
			buildSettings = {
				ALWAYS_EMBED_SWIFT_STANDARD_LIBRARIES = YES;
				BUNDLE_LOADER = "$(TEST_HOST)";
				DEVELOPMENT_TEAM = 982HK3878L;
				INFOPLIST_FILE = AssignmentCheckTests/Info.plist;
				LD_RUNPATH_SEARCH_PATHS = "$(inherited) @executable_path/Frameworks @loader_path/Frameworks";
				PRODUCT_BUNDLE_IDENTIFIER = com.kingcyk.AssignmentCheckTests;
				PRODUCT_NAME = "$(TARGET_NAME)";
				SWIFT_VERSION = 3.0;
				TEST_HOST = "$(BUILT_PRODUCTS_DIR)/AssignmentCheck.app/AssignmentCheck";
			};
			name = Debug;
		};
		AE2608771E0BEE3500236A06 /* Release */ = {
			isa = XCBuildConfiguration;
			buildSettings = {
				ALWAYS_EMBED_SWIFT_STANDARD_LIBRARIES = YES;
				BUNDLE_LOADER = "$(TEST_HOST)";
				DEVELOPMENT_TEAM = 982HK3878L;
				INFOPLIST_FILE = AssignmentCheckTests/Info.plist;
				LD_RUNPATH_SEARCH_PATHS = "$(inherited) @executable_path/Frameworks @loader_path/Frameworks";
				PRODUCT_BUNDLE_IDENTIFIER = com.kingcyk.AssignmentCheckTests;
				PRODUCT_NAME = "$(TARGET_NAME)";
				SWIFT_VERSION = 3.0;
				TEST_HOST = "$(BUILT_PRODUCTS_DIR)/AssignmentCheck.app/AssignmentCheck";
			};
			name = Release;
		};
		AE2608791E0BEE3500236A06 /* Debug */ = {
			isa = XCBuildConfiguration;
			buildSettings = {
				ALWAYS_EMBED_SWIFT_STANDARD_LIBRARIES = YES;
				DEVELOPMENT_TEAM = 982HK3878L;
				INFOPLIST_FILE = AssignmentCheckUITests/Info.plist;
				LD_RUNPATH_SEARCH_PATHS = "$(inherited) @executable_path/Frameworks @loader_path/Frameworks";
				PRODUCT_BUNDLE_IDENTIFIER = com.kingcyk.AssignmentCheckUITests;
				PRODUCT_NAME = "$(TARGET_NAME)";
				SWIFT_VERSION = 3.0;
				TEST_TARGET_NAME = AssignmentCheck;
			};
			name = Debug;
		};
		AE26087A1E0BEE3500236A06 /* Release */ = {
			isa = XCBuildConfiguration;
			buildSettings = {
				ALWAYS_EMBED_SWIFT_STANDARD_LIBRARIES = YES;
				DEVELOPMENT_TEAM = 982HK3878L;
				INFOPLIST_FILE = AssignmentCheckUITests/Info.plist;
				LD_RUNPATH_SEARCH_PATHS = "$(inherited) @executable_path/Frameworks @loader_path/Frameworks";
				PRODUCT_BUNDLE_IDENTIFIER = com.kingcyk.AssignmentCheckUITests;
				PRODUCT_NAME = "$(TARGET_NAME)";
				SWIFT_VERSION = 3.0;
				TEST_TARGET_NAME = AssignmentCheck;
			};
			name = Release;
		};
		AE2608971E0C3C9700236A06 /* Debug */ = {
			isa = XCBuildConfiguration;
			buildSettings = {
				CODE_SIGN_ENTITLEMENTS = TodayWidget/TodayWidget.entitlements;
				DEVELOPMENT_TEAM = 982HK3878L;
				INFOPLIST_FILE = TodayWidget/Info.plist;
				LD_RUNPATH_SEARCH_PATHS = "$(inherited) @executable_path/Frameworks @executable_path/../../Frameworks";
				PRODUCT_BUNDLE_IDENTIFIER = com.kingcyk.AssignmentCheck.TodayWidget;
				PRODUCT_NAME = "$(TARGET_NAME)";
				SKIP_INSTALL = YES;
				SWIFT_VERSION = 3.0;
			};
			name = Debug;
		};
		AE2608981E0C3C9700236A06 /* Release */ = {
			isa = XCBuildConfiguration;
			buildSettings = {
				CODE_SIGN_ENTITLEMENTS = TodayWidget/TodayWidget.entitlements;
				DEVELOPMENT_TEAM = 982HK3878L;
				INFOPLIST_FILE = TodayWidget/Info.plist;
				LD_RUNPATH_SEARCH_PATHS = "$(inherited) @executable_path/Frameworks @executable_path/../../Frameworks";
				PRODUCT_BUNDLE_IDENTIFIER = com.kingcyk.AssignmentCheck.TodayWidget;
				PRODUCT_NAME = "$(TARGET_NAME)";
				SKIP_INSTALL = YES;
				SWIFT_VERSION = 3.0;
			};
			name = Release;
		};
/* End XCBuildConfiguration section */

/* Begin XCConfigurationList section */
		AE2608451E0BEE3400236A06 /* Build configuration list for PBXProject "AssignmentCheck" */ = {
			isa = XCConfigurationList;
			buildConfigurations = (
				AE2608701E0BEE3500236A06 /* Debug */,
				AE2608711E0BEE3500236A06 /* Release */,
			);
			defaultConfigurationIsVisible = 0;
			defaultConfigurationName = Release;
		};
		AE2608721E0BEE3500236A06 /* Build configuration list for PBXNativeTarget "AssignmentCheck" */ = {
			isa = XCConfigurationList;
			buildConfigurations = (
				AE2608731E0BEE3500236A06 /* Debug */,
				AE2608741E0BEE3500236A06 /* Release */,
			);
			defaultConfigurationIsVisible = 0;
			defaultConfigurationName = Release;
		};
		AE2608751E0BEE3500236A06 /* Build configuration list for PBXNativeTarget "AssignmentCheckTests" */ = {
			isa = XCConfigurationList;
			buildConfigurations = (
				AE2608761E0BEE3500236A06 /* Debug */,
				AE2608771E0BEE3500236A06 /* Release */,
			);
			defaultConfigurationIsVisible = 0;
			defaultConfigurationName = Release;
		};
		AE2608781E0BEE3500236A06 /* Build configuration list for PBXNativeTarget "AssignmentCheckUITests" */ = {
			isa = XCConfigurationList;
			buildConfigurations = (
				AE2608791E0BEE3500236A06 /* Debug */,
				AE26087A1E0BEE3500236A06 /* Release */,
			);
			defaultConfigurationIsVisible = 0;
			defaultConfigurationName = Release;
		};
		AE2608991E0C3C9700236A06 /* Build configuration list for PBXNativeTarget "TodayWidget" */ = {
			isa = XCConfigurationList;
			buildConfigurations = (
				AE2608971E0C3C9700236A06 /* Debug */,
				AE2608981E0C3C9700236A06 /* Release */,
			);
			defaultConfigurationIsVisible = 0;
		};
/* End XCConfigurationList section */
	};
	rootObject = AE2608421E0BEE3400236A06 /* Project object */;
}
